
Microsoft Visual Studio Solution File, Format Version 12.00
# Visual Studio Version 16
VisualStudioVersion = 16.0.30002.166
MinimumVisualStudioVersion = 10.0.40219.1
Project("{FAE04EC0-301F-11D3-BF4B-00C04F79EFBC}") = "Ex03.GarageLogic", "Ex03.GarageLogic\Ex03.GarageLogic.csproj", "{A0F7A83F-00B0-47EC-80F9-17696A3C9508}"
EndProject
Project("{FAE04EC0-301F-11D3-BF4B-00C04F79EFBC}") = "Ex03.ConsoleUI", "Ex03.ConsoleUI\Ex03.ConsoleUI.csproj", "{83738327-6C79-4668-952A-8956E7EBF3BC}"
EndProject
Project("{2150E333-8FDC-42A3-9474-1A3956D46DE8}") = "Solution Items", "Solution Items", "{7C63687F-F7A9-4164-9DC7-A2618AEBC6FE}"
	ProjectSection(SolutionItems) = preProject
		TextFile1.txt = TextFile1.txt
	EndProjectSection
EndProject
Global
	GlobalSection(SolutionConfigurationPlatforms) = preSolution
		Debug|Any CPU = Debug|Any CPU
		Release|Any CPU = Release|Any CPU
	EndGlobalSection
	GlobalSection(ProjectConfigurationPlatforms) = postSolution
		{A0F7A83F-00B0-47EC-80F9-17696A3C9508}.Debug|Any CPU.ActiveCfg = Debug|Any CPU
		{A0F7A83F-00B0-47EC-80F9-17696A3C9508}.Debug|Any CPU.Build.0 = Debug|Any CPU
		{A0F7A83F-00B0-47EC-80F9-17696A3C9508}.Release|Any CPU.ActiveCfg = Release|Any CPU
		{A0F7A83F-00B0-47EC-80F9-17696A3C9508}.Release|Any CPU.Build.0 = Release|Any CPU
		{83738327-6C79-4668-952A-8956E7EBF3BC}.Debug|Any CPU.ActiveCfg = Debug|Any CPU
		{83738327-6C79-4668-952A-8956E7EBF3BC}.Debug|Any CPU.Build.0 = Debug|Any CPU
		{83738327-6C79-4668-952A-8956E7EBF3BC}.Release|Any CPU.ActiveCfg = Release|Any CPU
		{83738327-6C79-4668-952A-8956E7EBF3BC}.Release|Any CPU.Build.0 = Release|Any CPU
	EndGlobalSection
	GlobalSection(SolutionProperties) = preSolution
		HideSolutionNode = FALSE
	EndGlobalSection
	GlobalSection(ExtensibilityGlobals) = postSolution
		SolutionGuid = {70525DB2-9B62-4520-834F-C73F5AE0BF5A}
	EndGlobalSection
EndGlobal
